// !$*UTF8*$!
{
	archiveVersion = 1;
	classes = {
	};
	objectVersion = 55;
	objects = {

/* Begin PBXBuildFile section */
		19CCDE46273061CC00DCD2AD /* AppDelegate.swift in Sources */ = {isa = PBXBuildFile; fileRef = 19CCDE45273061CC00DCD2AD /* AppDelegate.swift */; };
		19CCDE48273061CC00DCD2AD /* SceneDelegate.swift in Sources */ = {isa = PBXBuildFile; fileRef = 19CCDE47273061CC00DCD2AD /* SceneDelegate.swift */; };
		19CCDE4F273061CD00DCD2AD /* Assets.xcassets in Resources */ = {isa = PBXBuildFile; fileRef = 19CCDE4E273061CD00DCD2AD /* Assets.xcassets */; };
		19CCDE52273061CD00DCD2AD /* LaunchScreen.storyboard in Resources */ = {isa = PBXBuildFile; fileRef = 19CCDE50273061CD00DCD2AD /* LaunchScreen.storyboard */; };
		19CCDE612730623600DCD2AD /* A.wav in Resources */ = {isa = PBXBuildFile; fileRef = 19CCDE5A2730623600DCD2AD /* A.wav */; };
		19CCDE622730623600DCD2AD /* C.wav in Resources */ = {isa = PBXBuildFile; fileRef = 19CCDE5B2730623600DCD2AD /* C.wav */; };
		19CCDE632730623600DCD2AD /* B.wav in Resources */ = {isa = PBXBuildFile; fileRef = 19CCDE5C2730623600DCD2AD /* B.wav */; };
		19CCDE642730623600DCD2AD /* F.wav in Resources */ = {isa = PBXBuildFile; fileRef = 19CCDE5D2730623600DCD2AD /* F.wav */; };
		19CCDE652730623600DCD2AD /* G.wav in Resources */ = {isa = PBXBuildFile; fileRef = 19CCDE5E2730623600DCD2AD /* G.wav */; };
		19CCDE662730623600DCD2AD /* E.wav in Resources */ = {isa = PBXBuildFile; fileRef = 19CCDE5F2730623600DCD2AD /* E.wav */; };
		19CCDE672730623600DCD2AD /* D.wav in Resources */ = {isa = PBXBuildFile; fileRef = 19CCDE602730623600DCD2AD /* D.wav */; };
		19CCDE6B27306EDC00DCD2AD /* Main.storyboard in Resources */ = {isa = PBXBuildFile; fileRef = 19CCDE6A27306EDC00DCD2AD /* Main.storyboard */; };
		19CCDE6D27306EE900DCD2AD /* ViewController.swift in Sources */ = {isa = PBXBuildFile; fileRef = 19CCDE6C27306EE900DCD2AD /* ViewController.swift */; };
/* End PBXBuildFile section */

/* Begin PBXFileReference section */
		19CCDE42273061CC00DCD2AD /* Xylophone-App.app */ = {isa = PBXFileReference; explicitFileType = wrapper.application; includeInIndex = 0; path = "Xylophone-App.app"; sourceTree = BUILT_PRODUCTS_DIR; };
		19CCDE45273061CC00DCD2AD /* AppDelegate.swift */ = {isa = PBXFileReference; lastKnownFileType = sourcecode.swift; path = AppDelegate.swift; sourceTree = "<group>"; };
		19CCDE47273061CC00DCD2AD /* SceneDelegate.swift */ = {isa = PBXFileReference; lastKnownFileType = sourcecode.swift; path = SceneDelegate.swift; sourceTree = "<group>"; };
		19CCDE4E273061CD00DCD2AD /* Assets.xcassets */ = {isa = PBXFileReference; lastKnownFileType = folder.assetcatalog; path = Assets.xcassets; sourceTree = "<group>"; };
		19CCDE51273061CD00DCD2AD /* Base */ = {isa = PBXFileReference; lastKnownFileType = file.storyboard; name = Base; path = Base.lproj/LaunchScreen.storyboard; sourceTree = "<group>"; };
		19CCDE53273061CD00DCD2AD /* Info.plist */ = {isa = PBXFileReference; lastKnownFileType = text.plist.xml; path = Info.plist; sourceTree = "<group>"; };
		19CCDE5A2730623600DCD2AD /* A.wav */ = {isa = PBXFileReference; lastKnownFileType = audio.wav; path = A.wav; sourceTree = "<group>"; };
		19CCDE5B2730623600DCD2AD /* C.wav */ = {isa = PBXFileReference; lastKnownFileType = audio.wav; path = C.wav; sourceTree = "<group>"; };
		19CCDE5C2730623600DCD2AD /* B.wav */ = {isa = PBXFileReference; lastKnownFileType = audio.wav; path = B.wav; sourceTree = "<group>"; };
		19CCDE5D2730623600DCD2AD /* F.wav */ = {isa = PBXFileReference; lastKnownFileType = audio.wav; path = F.wav; sourceTree = "<group>"; };
		19CCDE5E2730623600DCD2AD /* G.wav */ = {isa = PBXFileReference; lastKnownFileType = audio.wav; path = G.wav; sourceTree = "<group>"; };
		19CCDE5F2730623600DCD2AD /* E.wav */ = {isa = PBXFileReference; lastKnownFileType = audio.wav; path = E.wav; sourceTree = "<group>"; };
		19CCDE602730623600DCD2AD /* D.wav */ = {isa = PBXFileReference; lastKnownFileType = audio.wav; path = D.wav; sourceTree = "<group>"; };
		19CCDE6A27306EDC00DCD2AD /* Main.storyboard */ = {isa = PBXFileReference; fileEncoding = 4; lastKnownFileType = file.storyboard; path = Main.storyboard; sourceTree = "<group>"; };
		19CCDE6C27306EE900DCD2AD /* ViewController.swift */ = {isa = PBXFileReference; fileEncoding = 4; lastKnownFileType = sourcecode.swift; path = ViewController.swift; sourceTree = "<group>"; };
/* End PBXFileReference section */

/* Begin PBXFrameworksBuildPhase section */
		19CCDE3F273061CC00DCD2AD /* Frameworks */ = {
			isa = PBXFrameworksBuildPhase;
			buildActionMask = 2147483647;
			files = (
			);
			runOnlyForDeploymentPostprocessing = 0;
		};
/* End PBXFrameworksBuildPhase section */

/* Begin PBXGroup section */
		19CCDE39273061CC00DCD2AD = {
			isa = PBXGroup;
			children = (
				19CCDE44273061CC00DCD2AD /* Xylophone-App */,
				19CCDE43273061CC00DCD2AD /* Products */,
			);
			sourceTree = "<group>";
		};
		19CCDE43273061CC00DCD2AD /* Products */ = {
			isa = PBXGroup;
			children = (
				19CCDE42273061CC00DCD2AD /* Xylophone-App.app */,
			);
			name = Products;
			sourceTree = "<group>";
		};
		19CCDE44273061CC00DCD2AD /* Xylophone-App */ = {
			isa = PBXGroup;
			children = (
				19CCDE592730623600DCD2AD /* Sounds */,
				19CCDE45273061CC00DCD2AD /* AppDelegate.swift */,
				19CCDE6C27306EE900DCD2AD /* ViewController.swift */,
				19CCDE47273061CC00DCD2AD /* SceneDelegate.swift */,
				19CCDE4E273061CD00DCD2AD /* Assets.xcassets */,
				19CCDE50273061CD00DCD2AD /* LaunchScreen.storyboard */,
				19CCDE53273061CD00DCD2AD /* Info.plist */,
				19CCDE6A27306EDC00DCD2AD /* Main.storyboard */,
			);
			path = "Xylophone-App";
			sourceTree = "<group>";
		};
		19CCDE592730623600DCD2AD /* Sounds */ = {
			isa = PBXGroup;
			children = (
				19CCDE5A2730623600DCD2AD /* A.wav */,
				19CCDE5B2730623600DCD2AD /* C.wav */,
				19CCDE5C2730623600DCD2AD /* B.wav */,
				19CCDE5D2730623600DCD2AD /* F.wav */,
				19CCDE5E2730623600DCD2AD /* G.wav */,
				19CCDE5F2730623600DCD2AD /* E.wav */,
				19CCDE602730623600DCD2AD /* D.wav */,
			);
			path = Sounds;
			sourceTree = "<group>";
		};
/* End PBXGroup section */

/* Begin PBXNativeTarget section */
		19CCDE41273061CC00DCD2AD /* Xylophone-App */ = {
			isa = PBXNativeTarget;
			buildConfigurationList = 19CCDE56273061CD00DCD2AD /* Build configuration list for PBXNativeTarget "Xylophone-App" */;
			buildPhases = (
				19CCDE3E273061CC00DCD2AD /* Sources */,
				19CCDE3F273061CC00DCD2AD /* Frameworks */,
				19CCDE40273061CC00DCD2AD /* Resources */,
			);
			buildRules = (
			);
			dependencies = (
			);
			name = "Xylophone-App";
			productName = "Xylophone-App";
			productReference = 19CCDE42273061CC00DCD2AD /* Xylophone-App.app */;
			productType = "com.apple.product-type.application";
		};
/* End PBXNativeTarget section */

/* Begin PBXProject section */
		19CCDE3A273061CC00DCD2AD /* Project object */ = {
			isa = PBXProject;
			attributes = {
				BuildIndependentTargetsInParallel = 1;
				LastSwiftUpdateCheck = 1310;
				LastUpgradeCheck = 1310;
				TargetAttributes = {
					19CCDE41273061CC00DCD2AD = {
						CreatedOnToolsVersion = 13.1;
					};
				};
			};
			buildConfigurationList = 19CCDE3D273061CC00DCD2AD /* Build configuration list for PBXProject "Xylophone-App" */;
			compatibilityVersion = "Xcode 13.0";
			developmentRegion = en;
			hasScannedForEncodings = 0;
			knownRegions = (
				en,
				Base,
			);
			mainGroup = 19CCDE39273061CC00DCD2AD;
			productRefGroup = 19CCDE43273061CC00DCD2AD /* Products */;
			projectDirPath = "";
			projectRoot = "";
			targets = (
				19CCDE41273061CC00DCD2AD /* Xylophone-App */,
			);
		};
/* End PBXProject section */

/* Begin PBXResourcesBuildPhase section */
		19CCDE40273061CC00DCD2AD /* Resources */ = {
			isa = PBXResourcesBuildPhase;
			buildActionMask = 2147483647;
			files = (
				19CCDE652730623600DCD2AD /* G.wav in Resources */,
				19CCDE6B27306EDC00DCD2AD /* Main.storyboard in Resources */,
				19CCDE52273061CD00DCD2AD /* LaunchScreen.storyboard in Resources */,
				19CCDE642730623600DCD2AD /* F.wav in Resources */,
				19CCDE4F273061CD00DCD2AD /* Assets.xcassets in Resources */,
				19CCDE612730623600DCD2AD /* A.wav in Resources */,
				19CCDE632730623600DCD2AD /* B.wav in Resources */,
				19CCDE662730623600DCD2AD /* E.wav in Resources */,
				19CCDE672730623600DCD2AD /* D.wav in Resources */,
				19CCDE622730623600DCD2AD /* C.wav in Resources */,
			);
			runOnlyForDeploymentPostprocessing = 0;
		};
/* End PBXResourcesBuildPhase section */

/* Begin PBXSourcesBuildPhase section */
		19CCDE3E273061CC00DCD2AD /* Sources */ = {
			isa = PBXSourcesBuildPhase;
			buildActionMask = 2147483647;
			files = (
				19CCDE6D27306EE900DCD2AD /* ViewController.swift in Sources */,
				19CCDE46273061CC00DCD2AD /* AppDelegate.swift in Sources */,
				19CCDE48273061CC00DCD2AD /* SceneDelegate.swift in Sources */,
			);
			runOnlyForDeploymentPostprocessing = 0;
		};
/* End PBXSourcesBuildPhase section */

/* Begin PBXVariantGroup section */
		19CCDE50273061CD00DCD2AD /* LaunchScreen.storyboard */ = {
			isa = PBXVariantGroup;
			children = (
				19CCDE51273061CD00DCD2AD /* Base */,
			);
			name = LaunchScreen.storyboard;
			sourceTree = "<group>";
		};
/* End PBXVariantGroup section */

/* Begin XCBuildConfiguration section */
		19CCDE54273061CD00DCD2AD /* Debug */ = {
			isa = XCBuildConfiguration;
			buildSettings = {
				ALWAYS_SEARCH_USER_PATHS = NO;
				CLANG_ANALYZER_NONNULL = YES;
				CLANG_ANALYZER_NUMBER_OBJECT_CONVERSION = YES_AGGRESSIVE;
				CLANG_CXX_LANGUAGE_STANDARD = "gnu++17";
				CLANG_CXX_LIBRARY = "libc++";
				CLANG_ENABLE_MODULES = YES;
				CLANG_ENABLE_OBJC_ARC = YES;
				CLANG_ENABLE_OBJC_WEAK = YES;
				CLANG_WARN_BLOCK_CAPTURE_AUTORELEASING = YES;
				CLANG_WARN_BOOL_CONVERSION = YES;
				CLANG_WARN_COMMA = YES;
				CLANG_WARN_CONSTANT_CONVERSION = YES;
				CLANG_WARN_DEPRECATED_OBJC_IMPLEMENTATIONS = YES;
				CLANG_WARN_DIRECT_OBJC_ISA_USAGE = YES_ERROR;
				CLANG_WARN_DOCUMENTATION_COMMENTS = YES;
				CLANG_WARN_EMPTY_BODY = YES;
				CLANG_WARN_ENUM_CONVERSION = YES;
				CLANG_WARN_INFINITE_RECURSION = YES;
				CLANG_WARN_INT_CONVERSION = YES;
				CLANG_WARN_NON_LITERAL_NULL_CONVERSION = YES;
				CLANG_WARN_OBJC_IMPLICIT_RETAIN_SELF = YES;
				CLANG_WARN_OBJC_LITERAL_CONVERSION = YES;
				CLANG_WARN_OBJC_ROOT_CLASS = YES_ERROR;
				CLANG_WARN_QUOTED_INCLUDE_IN_FRAMEWORK_HEADER = YES;
				CLANG_WARN_RANGE_LOOP_ANALYSIS = YES;
				CLANG_WARN_STRICT_PROTOTYPES = YES;
				CLANG_WARN_SUSPICIOUS_MOVE = YES;
				CLANG_WARN_UNGUARDED_AVAILABILITY = YES_AGGRESSIVE;
				CLANG_WARN_UNREACHABLE_CODE = YES;
				CLANG_WARN__DUPLICATE_METHOD_MATCH = YES;
				COPY_PHASE_STRIP = NO;
				DEBUG_INFORMATION_FORMAT = dwarf;
				ENABLE_STRICT_OBJC_MSGSEND = YES;
				ENABLE_TESTABILITY = YES;
				GCC_C_LANGUAGE_STANDARD = gnu11;
				GCC_DYNAMIC_NO_PIC = NO;
				GCC_NO_COMMON_BLOCKS = YES;
				GCC_OPTIMIZATION_LEVEL = 0;
				GCC_PREPROCESSOR_DEFINITIONS = (
					"DEBUG=1",
					"$(inherited)",
				);
				GCC_WARN_64_TO_32_BIT_CONVERSION = YES;
				GCC_WARN_ABOUT_RETURN_TYPE = YES_ERROR;
				GCC_WARN_UNDECLARED_SELECTOR = YES;
				GCC_WARN_UNINITIALIZED_AUTOS = YES_AGGRESSIVE;
				GCC_WARN_UNUSED_FUNCTION = YES;
				GCC_WARN_UNUSED_VARIABLE = YES;
				IPHONEOS_DEPLOYMENT_TARGET = 15.0;
				MTL_ENABLE_DEBUG_INFO = INCLUDE_SOURCE;
				MTL_FAST_MATH = YES;
				ONLY_ACTIVE_ARCH = YES;
				SDKROOT = iphoneos;
				SWIFT_ACTIVE_COMPILATION_CONDITIONS = DEBUG;
				SWIFT_OPTIMIZATION_LEVEL = "-Onone";
			};
			name = Debug;
		};
		19CCDE55273061CD00DCD2AD /* Release */ = {
			isa = XCBuildConfiguration;
			buildSettings = {
				ALWAYS_SEARCH_USER_PATHS = NO;
				CLANG_ANALYZER_NONNULL = YES;
				CLANG_ANALYZER_NUMBER_OBJECT_CONVERSION = YES_AGGRESSIVE;
				CLANG_CXX_LANGUAGE_STANDARD = "gnu++17";
				CLANG_CXX_LIBRARY = "libc++";
				CLANG_ENABLE_MODULES = YES;
				CLANG_ENABLE_OBJC_ARC = YES;
				CLANG_ENABLE_OBJC_WEAK = YES;
				CLANG_WARN_BLOCK_CAPTURE_AUTORELEASING = YES;
				CLANG_WARN_BOOL_CONVERSION = YES;
				CLANG_WARN_COMMA = YES;
				CLANG_WARN_CONSTANT_CONVERSION = YES;
				CLANG_WARN_DEPRECATED_OBJC_IMPLEMENTATIONS = YES;
				CLANG_WARN_DIRECT_OBJC_ISA_USAGE = YES_ERROR;
				CLANG_WARN_DOCUMENTATION_COMMENTS = YES;
				CLANG_WARN_EMPTY_BODY = YES;
				CLANG_WARN_ENUM_CONVERSION = YES;
				CLANG_WARN_INFINITE_RECURSION = YES;
				CLANG_WARN_INT_CONVERSION = YES;
				CLANG_WARN_NON_LITERAL_NULL_CONVERSION = YES;
				CLANG_WARN_OBJC_IMPLICIT_RETAIN_SELF = YES;
				CLANG_WARN_OBJC_LITERAL_CONVERSION = YES;
				CLANG_WARN_OBJC_ROOT_CLASS = YES_ERROR;
				CLANG_WARN_QUOTED_INCLUDE_IN_FRAMEWORK_HEADER = YES;
				CLANG_WARN_RANGE_LOOP_ANALYSIS = YES;
				CLANG_WARN_STRICT_PROTOTYPES = YES;
				CLANG_WARN_SUSPICIOUS_MOVE = YES;
				CLANG_WARN_UNGUARDED_AVAILABILITY = YES_AGGRESSIVE;
				CLANG_WARN_UNREACHABLE_CODE = YES;
				CLANG_WARN__DUPLICATE_METHOD_MATCH = YES;
				COPY_PHASE_STRIP = NO;
				DEBUG_INFORMATION_FORMAT = "dwarf-with-dsym";
				ENABLE_NS_ASSERTIONS = NO;
				ENABLE_STRICT_OBJC_MSGSEND = YES;
				GCC_C_LANGUAGE_STANDARD = gnu11;
				GCC_NO_COMMON_BLOCKS = YES;
				GCC_WARN_64_TO_32_BIT_CONVERSION = YES;
				GCC_WARN_ABOUT_RETURN_TYPE = YES_ERROR;
				GCC_WARN_UNDECLARED_SELECTOR = YES;
				GCC_WARN_UNINITIALIZED_AUTOS = YES_AGGRESSIVE;
				GCC_WARN_UNUSED_FUNCTION = YES;
				GCC_WARN_UNUSED_VARIABLE = YES;
				IPHONEOS_DEPLOYMENT_TARGET = 15.0;
				MTL_ENABLE_DEBUG_INFO = NO;
				MTL_FAST_MATH = YES;
				SDKROOT = iphoneos;
				SWIFT_COMPILATION_MODE = wholemodule;
				SWIFT_OPTIMIZATION_LEVEL = "-O";
				VALIDATE_PRODUCT = YES;
			};
			name = Release;
		};
		19CCDE57273061CD00DCD2AD /* Debug */ = {
			isa = XCBuildConfiguration;
			buildSettings = {
				ASSETCATALOG_COMPILER_APPICON_NAME = AppIcon;
				ASSETCATALOG_COMPILER_GLOBAL_ACCENT_COLOR_NAME = AccentColor;
				CODE_SIGN_STYLE = Automatic;
				CURRENT_PROJECT_VERSION = 1;
				DEVELOPMENT_TEAM = 9AB98Y8J48;
				GENERATE_INFOPLIST_FILE = YES;
				INFOPLIST_FILE = "Xylophone-App/Info.plist";
				INFOPLIST_KEY_UIApplicationSupportsIndirectInputEvents = YES;
				INFOPLIST_KEY_UILaunchStoryboardName = LaunchScreen;
				INFOPLIST_KEY_UIMainStoryboardFile = Main;
				INFOPLIST_KEY_UISupportedInterfaceOrientations_iPad = "UIInterfaceOrientationPortrait UIInterfaceOrientationPortraitUpsideDown UIInterfaceOrientationLandscapeLeft UIInterfaceOrientationLandscapeRight";
				INFOPLIST_KEY_UISupportedInterfaceOrientations_iPhone = "UIInterfaceOrientationPortrait UIInterfaceOrientationLandscapeLeft UIInterfaceOrientationLandscapeRight";
				LD_RUNPATH_SEARCH_PATHS = (
					"$(inherited)",
					"@executable_path/Frameworks",
				);
				MARKETING_VERSION = 1.0;
				PRODUCT_BUNDLE_IDENTIFIER = "com.grida.Xylophone-App";
				PRODUCT_NAME = "$(TARGET_NAME)";
				SWIFT_EMIT_LOC_STRINGS = YES;
				SWIFT_VERSION = 5.0;
				TARGETED_DEVICE_FAMILY = "1,2";
			};
			name = Debug;
		};
		19CCDE58273061CD00DCD2AD /* Release */ = {
			isa = XCBuildConfiguration;
			buildSettings = {
				ASSETCATALOG_COMPILER_APPICON_NAME = AppIcon;
				ASSETCATALOG_COMPILER_GLOBAL_ACCENT_COLOR_NAME = AccentColor;
				CODE_SIGN_STYLE = Automatic;
				CURRENT_PROJECT_VERSION = 1;
				DEVELOPMENT_TEAM = 9AB98Y8J48;
				GENERATE_INFOPLIST_FILE = YES;
				INFOPLIST_FILE = "Xylophone-App/Info.plist";
				INFOPLIST_KEY_UIApplicationSupportsIndirectInputEvents = YES;
				INFOPLIST_KEY_UILaunchStoryboardName = LaunchScreen;
				INFOPLIST_KEY_UIMainStoryboardFile = Main;
				INFOPLIST_KEY_UISupportedInterfaceOrientations_iPad = "UIInterfaceOrientationPortrait UIInterfaceOrientationPortraitUpsideDown UIInterfaceOrientationLandscapeLeft UIInterfaceOrientationLandscapeRight";
				INFOPLIST_KEY_UISupportedInterfaceOrientations_iPhone = "UIInterfaceOrientationPortrait UIInterfaceOrientationLandscapeLeft UIInterfaceOrientationLandscapeRight";
				LD_RUNPATH_SEARCH_PATHS = (
					"$(inherited)",
					"@executable_path/Frameworks",
				);
				MARKETING_VERSION = 1.0;
				PRODUCT_BUNDLE_IDENTIFIER = "com.grida.Xylophone-App";
				PRODUCT_NAME = "$(TARGET_NAME)";
				SWIFT_EMIT_LOC_STRINGS = YES;
				SWIFT_VERSION = 5.0;
				TARGETED_DEVICE_FAMILY = "1,2";
			};
			name = Release;
		};
/* End XCBuildConfiguration section */

/* Begin XCConfigurationList section */
		19CCDE3D273061CC00DCD2AD /* Build configuration list for PBXProject "Xylophone-App" */ = {
			isa = XCConfigurationList;
			buildConfigurations = (
				19CCDE54273061CD00DCD2AD /* Debug */,
				19CCDE55273061CD00DCD2AD /* Release */,
			);
			defaultConfigurationIsVisible = 0;
			defaultConfigurationName = Release;
		};
		19CCDE56273061CD00DCD2AD /* Build configuration list for PBXNativeTarget "Xylophone-App" */ = {
			isa = XCConfigurationList;
			buildConfigurations = (
				19CCDE57273061CD00DCD2AD /* Debug */,
				19CCDE58273061CD00DCD2AD /* Release */,
			);
			defaultConfigurationIsVisible = 0;
			defaultConfigurationName = Release;
		};
/* End XCConfigurationList section */
	};
	rootObject = 19CCDE3A273061CC00DCD2AD /* Project object */;
}
